
Microsoft Visual Studio Solution File, Format Version 12.00
# Visual Studio 15
VisualStudioVersion = 15.0.28307.572
MinimumVisualStudioVersion = 10.0.40219.1
Project("{FAE04EC0-301F-11D3-BF4B-00C04F79EFBC}") = "OTP_Implementation", "OTP_Implementation\OTP_Implementation.csproj", "{23E8C2FD-F7D9-45D5-AAE1-F107B7B110A7}"
EndProject
Global
	GlobalSection(SolutionConfigurationPlatforms) = preSolution
		Debug|Any CPU = Debug|Any CPU
		Release|Any CPU = Release|Any CPU
	EndGlobalSection
	GlobalSection(ProjectConfigurationPlatforms) = postSolution
		{23E8C2FD-F7D9-45D5-AAE1-F107B7B110A7}.Debug|Any CPU.ActiveCfg = Debug|Any CPU
		{23E8C2FD-F7D9-45D5-AAE1-F107B7B110A7}.Debug|Any CPU.Build.0 = Debug|Any CPU
		{23E8C2FD-F7D9-45D5-AAE1-F107B7B110A7}.Release|Any CPU.ActiveCfg = Release|Any CPU
		{23E8C2FD-F7D9-45D5-AAE1-F107B7B110A7}.Release|Any CPU.Build.0 = Release|Any CPU
	EndGlobalSection
	GlobalSection(SolutionProperties) = preSolution
		HideSolutionNode = FALSE
	EndGlobalSection
	GlobalSection(ExtensibilityGlobals) = postSolution
		SolutionGuid = {C0F3D645-1470-4A16-B9BD-CC468BA6E503}
	EndGlobalSection
EndGlobal
